// !$*UTF8*$!
{
	archiveVersion = 1;
	classes = {
	};
	objectVersion = 46;
	objects = {

/* Begin PBXBuildFile section */
		8823BB40182E2161001DE6CD /* Foundation.framework in Frameworks */ = {isa = PBXBuildFile; fileRef = 8823BB3F182E2161001DE6CD /* Foundation.framework */; };
		8823BB42182E2161001DE6CD /* CoreGraphics.framework in Frameworks */ = {isa = PBXBuildFile; fileRef = 8823BB41182E2161001DE6CD /* CoreGraphics.framework */; };
		8823BB44182E2161001DE6CD /* UIKit.framework in Frameworks */ = {isa = PBXBuildFile; fileRef = 8823BB43182E2161001DE6CD /* UIKit.framework */; };
		8823BB4A182E2161001DE6CD /* InfoPlist.strings in Resources */ = {isa = PBXBuildFile; fileRef = 8823BB48182E2161001DE6CD /* InfoPlist.strings */; };
		8823BB4C182E2161001DE6CD /* main.m in Sources */ = {isa = PBXBuildFile; fileRef = 8823BB4B182E2161001DE6CD /* main.m */; };
		8823BB50182E2161001DE6CD /* RateAppDelegate.m in Sources */ = {isa = PBXBuildFile; fileRef = 8823BB4F182E2161001DE6CD /* RateAppDelegate.m */; };
		8823BB53182E2161001DE6CD /* Main_iPhone.storyboard in Resources */ = {isa = PBXBuildFile; fileRef = 8823BB51182E2161001DE6CD /* Main_iPhone.storyboard */; };
		8823BB56182E2161001DE6CD /* Main_iPad.storyboard in Resources */ = {isa = PBXBuildFile; fileRef = 8823BB54182E2161001DE6CD /* Main_iPad.storyboard */; };
		8823BB59182E2161001DE6CD /* RateViewController.m in Sources */ = {isa = PBXBuildFile; fileRef = 8823BB58182E2161001DE6CD /* RateViewController.m */; };
		8823BB5B182E2161001DE6CD /* Images.xcassets in Resources */ = {isa = PBXBuildFile; fileRef = 8823BB5A182E2161001DE6CD /* Images.xcassets */; };
		8823BB62182E2161001DE6CD /* XCTest.framework in Frameworks */ = {isa = PBXBuildFile; fileRef = 8823BB61182E2161001DE6CD /* XCTest.framework */; };
		8823BB63182E2161001DE6CD /* Foundation.framework in Frameworks */ = {isa = PBXBuildFile; fileRef = 8823BB3F182E2161001DE6CD /* Foundation.framework */; };
		8823BB64182E2161001DE6CD /* UIKit.framework in Frameworks */ = {isa = PBXBuildFile; fileRef = 8823BB43182E2161001DE6CD /* UIKit.framework */; };
		8823BB6C182E2161001DE6CD /* InfoPlist.strings in Resources */ = {isa = PBXBuildFile; fileRef = 8823BB6A182E2161001DE6CD /* InfoPlist.strings */; };
		8823BB6E182E2161001DE6CD /* RatingTests.m in Sources */ = {isa = PBXBuildFile; fileRef = 8823BB6D182E2161001DE6CD /* RatingTests.m */; };
/* End PBXBuildFile section */

/* Begin PBXContainerItemProxy section */
		8823BB65182E2161001DE6CD /* PBXContainerItemProxy */ = {
			isa = PBXContainerItemProxy;
			containerPortal = 8823BB34182E2161001DE6CD /* Project object */;
			proxyType = 1;
			remoteGlobalIDString = 8823BB3B182E2161001DE6CD;
			remoteInfo = Rating;
		};
/* End PBXContainerItemProxy section */

/* Begin PBXFileReference section */
		8823BB3C182E2161001DE6CD /* Rating.app */ = {isa = PBXFileReference; explicitFileType = wrapper.application; includeInIndex = 0; path = Rating.app; sourceTree = BUILT_PRODUCTS_DIR; };
		8823BB3F182E2161001DE6CD /* Foundation.framework */ = {isa = PBXFileReference; lastKnownFileType = wrapper.framework; name = Foundation.framework; path = System/Library/Frameworks/Foundation.framework; sourceTree = SDKROOT; };
		8823BB41182E2161001DE6CD /* CoreGraphics.framework */ = {isa = PBXFileReference; lastKnownFileType = wrapper.framework; name = CoreGraphics.framework; path = System/Library/Frameworks/CoreGraphics.framework; sourceTree = SDKROOT; };
		8823BB43182E2161001DE6CD /* UIKit.framework */ = {isa = PBXFileReference; lastKnownFileType = wrapper.framework; name = UIKit.framework; path = System/Library/Frameworks/UIKit.framework; sourceTree = SDKROOT; };
		8823BB47182E2161001DE6CD /* Rating-Info.plist */ = {isa = PBXFileReference; lastKnownFileType = text.plist.xml; path = "Rating-Info.plist"; sourceTree = "<group>"; };
		8823BB49182E2161001DE6CD /* en */ = {isa = PBXFileReference; lastKnownFileType = text.plist.strings; name = en; path = en.lproj/InfoPlist.strings; sourceTree = "<group>"; };
		8823BB4B182E2161001DE6CD /* main.m */ = {isa = PBXFileReference; lastKnownFileType = sourcecode.c.objc; path = main.m; sourceTree = "<group>"; };
		8823BB4D182E2161001DE6CD /* Rating-Prefix.pch */ = {isa = PBXFileReference; lastKnownFileType = sourcecode.c.h; path = "Rating-Prefix.pch"; sourceTree = "<group>"; };
		8823BB4E182E2161001DE6CD /* RateAppDelegate.h */ = {isa = PBXFileReference; lastKnownFileType = sourcecode.c.h; path = RateAppDelegate.h; sourceTree = "<group>"; };
		8823BB4F182E2161001DE6CD /* RateAppDelegate.m */ = {isa = PBXFileReference; lastKnownFileType = sourcecode.c.objc; path = RateAppDelegate.m; sourceTree = "<group>"; };
		8823BB52182E2161001DE6CD /* Base */ = {isa = PBXFileReference; lastKnownFileType = file.storyboard; name = Base; path = Base.lproj/Main_iPhone.storyboard; sourceTree = "<group>"; };
		8823BB55182E2161001DE6CD /* Base */ = {isa = PBXFileReference; lastKnownFileType = file.storyboard; name = Base; path = Base.lproj/Main_iPad.storyboard; sourceTree = "<group>"; };
		8823BB57182E2161001DE6CD /* RateViewController.h */ = {isa = PBXFileReference; lastKnownFileType = sourcecode.c.h; path = RateViewController.h; sourceTree = "<group>"; };
		8823BB58182E2161001DE6CD /* RateViewController.m */ = {isa = PBXFileReference; lastKnownFileType = sourcecode.c.objc; path = RateViewController.m; sourceTree = "<group>"; };
		8823BB5A182E2161001DE6CD /* Images.xcassets */ = {isa = PBXFileReference; lastKnownFileType = folder.assetcatalog; path = Images.xcassets; sourceTree = "<group>"; };
		8823BB60182E2161001DE6CD /* RatingTests.xctest */ = {isa = PBXFileReference; explicitFileType = wrapper.cfbundle; includeInIndex = 0; path = RatingTests.xctest; sourceTree = BUILT_PRODUCTS_DIR; };
		8823BB61182E2161001DE6CD /* XCTest.framework */ = {isa = PBXFileReference; lastKnownFileType = wrapper.framework; name = XCTest.framework; path = Library/Frameworks/XCTest.framework; sourceTree = DEVELOPER_DIR; };
		8823BB69182E2161001DE6CD /* RatingTests-Info.plist */ = {isa = PBXFileReference; lastKnownFileType = text.plist.xml; path = "RatingTests-Info.plist"; sourceTree = "<group>"; };
		8823BB6B182E2161001DE6CD /* en */ = {isa = PBXFileReference; lastKnownFileType = text.plist.strings; name = en; path = en.lproj/InfoPlist.strings; sourceTree = "<group>"; };
		8823BB6D182E2161001DE6CD /* RatingTests.m */ = {isa = PBXFileReference; lastKnownFileType = sourcecode.c.objc; path = RatingTests.m; sourceTree = "<group>"; };
/* End PBXFileReference section */

/* Begin PBXFrameworksBuildPhase section */
		8823BB39182E2161001DE6CD /* Frameworks */ = {
			isa = PBXFrameworksBuildPhase;
			buildActionMask = 2147483647;
			files = (
				8823BB42182E2161001DE6CD /* CoreGraphics.framework in Frameworks */,
				8823BB44182E2161001DE6CD /* UIKit.framework in Frameworks */,
				8823BB40182E2161001DE6CD /* Foundation.framework in Frameworks */,
			);
			runOnlyForDeploymentPostprocessing = 0;
		};
		8823BB5D182E2161001DE6CD /* Frameworks */ = {
			isa = PBXFrameworksBuildPhase;
			buildActionMask = 2147483647;
			files = (
				8823BB62182E2161001DE6CD /* XCTest.framework in Frameworks */,
				8823BB64182E2161001DE6CD /* UIKit.framework in Frameworks */,
				8823BB63182E2161001DE6CD /* Foundation.framework in Frameworks */,
			);
			runOnlyForDeploymentPostprocessing = 0;
		};
/* End PBXFrameworksBuildPhase section */

/* Begin PBXGroup section */
		8823BB33182E2161001DE6CD = {
			isa = PBXGroup;
			children = (
				8823BB45182E2161001DE6CD /* Rating */,
				8823BB67182E2161001DE6CD /* RatingTests */,
				8823BB3E182E2161001DE6CD /* Frameworks */,
				8823BB3D182E2161001DE6CD /* Products */,
			);
			sourceTree = "<group>";
		};
		8823BB3D182E2161001DE6CD /* Products */ = {
			isa = PBXGroup;
			children = (
				8823BB3C182E2161001DE6CD /* Rating.app */,
				8823BB60182E2161001DE6CD /* RatingTests.xctest */,
			);
			name = Products;
			sourceTree = "<group>";
		};
		8823BB3E182E2161001DE6CD /* Frameworks */ = {
			isa = PBXGroup;
			children = (
				8823BB3F182E2161001DE6CD /* Foundation.framework */,
				8823BB41182E2161001DE6CD /* CoreGraphics.framework */,
				8823BB43182E2161001DE6CD /* UIKit.framework */,
				8823BB61182E2161001DE6CD /* XCTest.framework */,
			);
			name = Frameworks;
			sourceTree = "<group>";
		};
		8823BB45182E2161001DE6CD /* Rating */ = {
			isa = PBXGroup;
			children = (
				8823BB4E182E2161001DE6CD /* RateAppDelegate.h */,
				8823BB4F182E2161001DE6CD /* RateAppDelegate.m */,
				8823BB51182E2161001DE6CD /* Main_iPhone.storyboard */,
				8823BB54182E2161001DE6CD /* Main_iPad.storyboard */,
				8823BB57182E2161001DE6CD /* RateViewController.h */,
				8823BB58182E2161001DE6CD /* RateViewController.m */,
				8823BB5A182E2161001DE6CD /* Images.xcassets */,
				8823BB46182E2161001DE6CD /* Supporting Files */,
			);
			path = Rating;
			sourceTree = "<group>";
		};
		8823BB46182E2161001DE6CD /* Supporting Files */ = {
			isa = PBXGroup;
			children = (
				8823BB47182E2161001DE6CD /* Rating-Info.plist */,
				8823BB48182E2161001DE6CD /* InfoPlist.strings */,
				8823BB4B182E2161001DE6CD /* main.m */,
				8823BB4D182E2161001DE6CD /* Rating-Prefix.pch */,
			);
			name = "Supporting Files";
			sourceTree = "<group>";
		};
		8823BB67182E2161001DE6CD /* RatingTests */ = {
			isa = PBXGroup;
			children = (
				8823BB6D182E2161001DE6CD /* RatingTests.m */,
				8823BB68182E2161001DE6CD /* Supporting Files */,
			);
			path = RatingTests;
			sourceTree = "<group>";
		};
		8823BB68182E2161001DE6CD /* Supporting Files */ = {
			isa = PBXGroup;
			children = (
				8823BB69182E2161001DE6CD /* RatingTests-Info.plist */,
				8823BB6A182E2161001DE6CD /* InfoPlist.strings */,
			);
			name = "Supporting Files";
			sourceTree = "<group>";
		};
/* End PBXGroup section */

/* Begin PBXNativeTarget section */
		8823BB3B182E2161001DE6CD /* Rating */ = {
			isa = PBXNativeTarget;
			buildConfigurationList = 8823BB71182E2161001DE6CD /* Build configuration list for PBXNativeTarget "Rating" */;
			buildPhases = (
				8823BB38182E2161001DE6CD /* Sources */,
				8823BB39182E2161001DE6CD /* Frameworks */,
				8823BB3A182E2161001DE6CD /* Resources */,
			);
			buildRules = (
			);
			dependencies = (
			);
			name = Rating;
			productName = Rating;
			productReference = 8823BB3C182E2161001DE6CD /* Rating.app */;
			productType = "com.apple.product-type.application";
		};
		8823BB5F182E2161001DE6CD /* RatingTests */ = {
			isa = PBXNativeTarget;
			buildConfigurationList = 8823BB74182E2161001DE6CD /* Build configuration list for PBXNativeTarget "RatingTests" */;
			buildPhases = (
				8823BB5C182E2161001DE6CD /* Sources */,
				8823BB5D182E2161001DE6CD /* Frameworks */,
				8823BB5E182E2161001DE6CD /* Resources */,
			);
			buildRules = (
			);
			dependencies = (
				8823BB66182E2161001DE6CD /* PBXTargetDependency */,
			);
			name = RatingTests;
			productName = RatingTests;
			productReference = 8823BB60182E2161001DE6CD /* RatingTests.xctest */;
			productType = "com.apple.product-type.bundle.unit-test";
		};
/* End PBXNativeTarget section */

/* Begin PBXProject section */
		8823BB34182E2161001DE6CD /* Project object */ = {
			isa = PBXProject;
			attributes = {
				CLASSPREFIX = Rate;
				LastUpgradeCheck = 0500;
				ORGANIZATIONNAME = "XueFeng Li";
				TargetAttributes = {
					8823BB5F182E2161001DE6CD = {
						TestTargetID = 8823BB3B182E2161001DE6CD;
					};
				};
			};
			buildConfigurationList = 8823BB37182E2161001DE6CD /* Build configuration list for PBXProject "Rating" */;
			compatibilityVersion = "Xcode 3.2";
			developmentRegion = English;
			hasScannedForEncodings = 0;
			knownRegions = (
				en,
				Base,
			);
			mainGroup = 8823BB33182E2161001DE6CD;
			productRefGroup = 8823BB3D182E2161001DE6CD /* Products */;
			projectDirPath = "";
			projectRoot = "";
			targets = (
				8823BB3B182E2161001DE6CD /* Rating */,
				8823BB5F182E2161001DE6CD /* RatingTests */,
			);
		};
/* End PBXProject section */

/* Begin PBXResourcesBuildPhase section */
		8823BB3A182E2161001DE6CD /* Resources */ = {
			isa = PBXResourcesBuildPhase;
			buildActionMask = 2147483647;
			files = (
				8823BB56182E2161001DE6CD /* Main_iPad.storyboard in Resources */,
				8823BB5B182E2161001DE6CD /* Images.xcassets in Resources */,
				8823BB53182E2161001DE6CD /* Main_iPhone.storyboard in Resources */,
				8823BB4A182E2161001DE6CD /* InfoPlist.strings in Resources */,
			);
			runOnlyForDeploymentPostprocessing = 0;
		};
		8823BB5E182E2161001DE6CD /* Resources */ = {
			isa = PBXResourcesBuildPhase;
			buildActionMask = 2147483647;
			files = (
				8823BB6C182E2161001DE6CD /* InfoPlist.strings in Resources */,
			);
			runOnlyForDeploymentPostprocessing = 0;
		};
/* End PBXResourcesBuildPhase section */

/* Begin PBXSourcesBuildPhase section */
		8823BB38182E2161001DE6CD /* Sources */ = {
			isa = PBXSourcesBuildPhase;
			buildActionMask = 2147483647;
			files = (
				8823BB50182E2161001DE6CD /* RateAppDelegate.m in Sources */,
				8823BB4C182E2161001DE6CD /* main.m in Sources */,
				8823BB59182E2161001DE6CD /* RateViewController.m in Sources */,
			);
			runOnlyForDeploymentPostprocessing = 0;
		};
		8823BB5C182E2161001DE6CD /* Sources */ = {
			isa = PBXSourcesBuildPhase;
			buildActionMask = 2147483647;
			files = (
				8823BB6E182E2161001DE6CD /* RatingTests.m in Sources */,
			);
			runOnlyForDeploymentPostprocessing = 0;
		};
/* End PBXSourcesBuildPhase section */

/* Begin PBXTargetDependency section */
		8823BB66182E2161001DE6CD /* PBXTargetDependency */ = {
			isa = PBXTargetDependency;
			target = 8823BB3B182E2161001DE6CD /* Rating */;
			targetProxy = 8823BB65182E2161001DE6CD /* PBXContainerItemProxy */;
		};
/* End PBXTargetDependency section */

/* Begin PBXVariantGroup section */
		8823BB48182E2161001DE6CD /* InfoPlist.strings */ = {
			isa = PBXVariantGroup;
			children = (
				8823BB49182E2161001DE6CD /* en */,
			);
			name = InfoPlist.strings;
			sourceTree = "<group>";
		};
		8823BB51182E2161001DE6CD /* Main_iPhone.storyboard */ = {
			isa = PBXVariantGroup;
			children = (
				8823BB52182E2161001DE6CD /* Base */,
			);
			name = Main_iPhone.storyboard;
			sourceTree = "<group>";
		};
		8823BB54182E2161001DE6CD /* Main_iPad.storyboard */ = {
			isa = PBXVariantGroup;
			children = (
				8823BB55182E2161001DE6CD /* Base */,
			);
			name = Main_iPad.storyboard;
			sourceTree = "<group>";
		};
		8823BB6A182E2161001DE6CD /* InfoPlist.strings */ = {
			isa = PBXVariantGroup;
			children = (
				8823BB6B182E2161001DE6CD /* en */,
			);
			name = InfoPlist.strings;
			sourceTree = "<group>";
		};
/* End PBXVariantGroup section */

/* Begin XCBuildConfiguration section */
		8823BB6F182E2161001DE6CD /* Debug */ = {
			isa = XCBuildConfiguration;
			buildSettings = {
				ALWAYS_SEARCH_USER_PATHS = NO;
				ARCHS = "$(ARCHS_STANDARD_INCLUDING_64_BIT)";
				CLANG_CXX_LANGUAGE_STANDARD = "gnu++0x";
				CLANG_CXX_LIBRARY = "libc++";
				CLANG_ENABLE_MODULES = YES;
				CLANG_ENABLE_OBJC_ARC = YES;
				CLANG_WARN_BOOL_CONVERSION = YES;
				CLANG_WARN_CONSTANT_CONVERSION = YES;
				CLANG_WARN_DIRECT_OBJC_ISA_USAGE = YES_ERROR;
				CLANG_WARN_EMPTY_BODY = YES;
				CLANG_WARN_ENUM_CONVERSION = YES;
				CLANG_WARN_INT_CONVERSION = YES;
				CLANG_WARN_OBJC_ROOT_CLASS = YES_ERROR;
				CLANG_WARN__DUPLICATE_METHOD_MATCH = YES;
				"CODE_SIGN_IDENTITY[sdk=iphoneos*]" = "iPhone Developer";
				COPY_PHASE_STRIP = NO;
				GCC_C_LANGUAGE_STANDARD = gnu99;
				GCC_DYNAMIC_NO_PIC = NO;
				GCC_OPTIMIZATION_LEVEL = 0;
				GCC_PREPROCESSOR_DEFINITIONS = (
					"DEBUG=1",
					"$(inherited)",
				);
				GCC_SYMBOLS_PRIVATE_EXTERN = NO;
				GCC_WARN_64_TO_32_BIT_CONVERSION = YES;
				GCC_WARN_ABOUT_RETURN_TYPE = YES_ERROR;
				GCC_WARN_UNDECLARED_SELECTOR = YES;
				GCC_WARN_UNINITIALIZED_AUTOS = YES;
				GCC_WARN_UNUSED_FUNCTION = YES;
				GCC_WARN_UNUSED_VARIABLE = YES;
				IPHONEOS_DEPLOYMENT_TARGET = 7.0;
				ONLY_ACTIVE_ARCH = YES;
				SDKROOT = iphoneos;
				TARGETED_DEVICE_FAMILY = "1,2";
			};
			name = Debug;
		};
		8823BB70182E2161001DE6CD /* Release */ = {
			isa = XCBuildConfiguration;
			buildSettings = {
				ALWAYS_SEARCH_USER_PATHS = NO;
				ARCHS = "$(ARCHS_STANDARD_INCLUDING_64_BIT)";
				CLANG_CXX_LANGUAGE_STANDARD = "gnu++0x";
				CLANG_CXX_LIBRARY = "libc++";
				CLANG_ENABLE_MODULES = YES;
				CLANG_ENABLE_OBJC_ARC = YES;
				CLANG_WARN_BOOL_CONVERSION = YES;
				CLANG_WARN_CONSTANT_CONVERSION = YES;
				CLANG_WARN_DIRECT_OBJC_ISA_USAGE = YES_ERROR;
				CLANG_WARN_EMPTY_BODY = YES;
				CLANG_WARN_ENUM_CONVERSION = YES;
				CLANG_WARN_INT_CONVERSION = YES;
				CLANG_WARN_OBJC_ROOT_CLASS = YES_ERROR;
				CLANG_WARN__DUPLICATE_METHOD_MATCH = YES;
				"CODE_SIGN_IDENTITY[sdk=iphoneos*]" = "iPhone Developer";
				COPY_PHASE_STRIP = YES;
				ENABLE_NS_ASSERTIONS = NO;
				GCC_C_LANGUAGE_STANDARD = gnu99;
				GCC_WARN_64_TO_32_BIT_CONVERSION = YES;
				GCC_WARN_ABOUT_RETURN_TYPE = YES_ERROR;
				GCC_WARN_UNDECLARED_SELECTOR = YES;
				GCC_WARN_UNINITIALIZED_AUTOS = YES;
				GCC_WARN_UNUSED_FUNCTION = YES;
				GCC_WARN_UNUSED_VARIABLE = YES;
				IPHONEOS_DEPLOYMENT_TARGET = 7.0;
				SDKROOT = iphoneos;
				TARGETED_DEVICE_FAMILY = "1,2";
				VALIDATE_PRODUCT = YES;
			};
			name = Release;
		};
		8823BB72182E2161001DE6CD /* Debug */ = {
			isa = XCBuildConfiguration;
			buildSettings = {
				ASSETCATALOG_COMPILER_APPICON_NAME = AppIcon;
				ASSETCATALOG_COMPILER_LAUNCHIMAGE_NAME = LaunchImage;
				GCC_PRECOMPILE_PREFIX_HEADER = YES;
				GCC_PREFIX_HEADER = "Rating/Rating-Prefix.pch";
				INFOPLIST_FILE = "Rating/Rating-Info.plist";
				PRODUCT_NAME = "$(TARGET_NAME)";
				WRAPPER_EXTENSION = app;
			};
			name = Debug;
		};
		8823BB73182E2161001DE6CD /* Release */ = {
			isa = XCBuildConfiguration;
			buildSettings = {
				ASSETCATALOG_COMPILER_APPICON_NAME = AppIcon;
				ASSETCATALOG_COMPILER_LAUNCHIMAGE_NAME = LaunchImage;
				GCC_PRECOMPILE_PREFIX_HEADER = YES;
				GCC_PREFIX_HEADER = "Rating/Rating-Prefix.pch";
				INFOPLIST_FILE = "Rating/Rating-Info.plist";
				PRODUCT_NAME = "$(TARGET_NAME)";
				WRAPPER_EXTENSION = app;
			};
			name = Release;
		};
		8823BB75182E2161001DE6CD /* Debug */ = {
			isa = XCBuildConfiguration;
			buildSettings = {
				ARCHS = "$(ARCHS_STANDARD_INCLUDING_64_BIT)";
				BUNDLE_LOADER = "$(BUILT_PRODUCTS_DIR)/Rating.app/Rating";
				FRAMEWORK_SEARCH_PATHS = (
					"$(SDKROOT)/Developer/Library/Frameworks",
					"$(inherited)",
					"$(DEVELOPER_FRAMEWORKS_DIR)",
				);
				GCC_PRECOMPILE_PREFIX_HEADER = YES;
				GCC_PREFIX_HEADER = "Rating/Rating-Prefix.pch";
				GCC_PREPROCESSOR_DEFINITIONS = (
					"DEBUG=1",
					"$(inherited)",
				);
				INFOPLIST_FILE = "RatingTests/RatingTests-Info.plist";
				PRODUCT_NAME = "$(TARGET_NAME)";
				TEST_HOST = "$(BUNDLE_LOADER)";
				WRAPPER_EXTENSION = xctest;
			};
			name = Debug;
		};
		8823BB76182E2161001DE6CD /* Release */ = {
			isa = XCBuildConfiguration;
			buildSettings = {
				ARCHS = "$(ARCHS_STANDARD_INCLUDING_64_BIT)";
				BUNDLE_LOADER = "$(BUILT_PRODUCTS_DIR)/Rating.app/Rating";
				FRAMEWORK_SEARCH_PATHS = (
					"$(SDKROOT)/Developer/Library/Frameworks",
					"$(inherited)",
					"$(DEVELOPER_FRAMEWORKS_DIR)",
				);
				GCC_PRECOMPILE_PREFIX_HEADER = YES;
				GCC_PREFIX_HEADER = "Rating/Rating-Prefix.pch";
				INFOPLIST_FILE = "RatingTests/RatingTests-Info.plist";
				PRODUCT_NAME = "$(TARGET_NAME)";
				TEST_HOST = "$(BUNDLE_LOADER)";
				WRAPPER_EXTENSION = xctest;
			};
			name = Release;
		};
/* End XCBuildConfiguration section */

/* Begin XCConfigurationList section */
		8823BB37182E2161001DE6CD /* Build configuration list for PBXProject "Rating" */ = {
			isa = XCConfigurationList;
			buildConfigurations = (
				8823BB6F182E2161001DE6CD /* Debug */,
				8823BB70182E2161001DE6CD /* Release */,
			);
			defaultConfigurationIsVisible = 0;
			defaultConfigurationName = Release;
		};
		8823BB71182E2161001DE6CD /* Build configuration list for PBXNativeTarget "Rating" */ = {
			isa = XCConfigurationList;
			buildConfigurations = (
				8823BB72182E2161001DE6CD /* Debug */,
				8823BB73182E2161001DE6CD /* Release */,
			);
			defaultConfigurationIsVisible = 0;
		};
		8823BB74182E2161001DE6CD /* Build configuration list for PBXNativeTarget "RatingTests" */ = {
			isa = XCConfigurationList;
			buildConfigurations = (
				8823BB75182E2161001DE6CD /* Debug */,
				8823BB76182E2161001DE6CD /* Release */,
			);
			defaultConfigurationIsVisible = 0;
		};
/* End XCConfigurationList section */
	};
	rootObject = 8823BB34182E2161001DE6CD /* Project object */;
}
